
Microsoft Visual Studio Solution File, Format Version 12.00
# Visual Studio 2013
VisualStudioVersion = 12.0.31101.0
MinimumVisualStudioVersion = 10.0.40219.1
Project("{8BC9CEB8-8B4A-11D0-8D11-00A0C91BC942}") = "sip-0x-tests", "_prj\sip-0x-tests.vcxproj", "{90F1A38E-1AA7-433A-B7D6-9B4F4AAE8C7E}"
	ProjectSection(ProjectDependencies) = postProject
		{953272E9-FA48-47E4-ADE1-F45467475B99} = {953272E9-FA48-47E4-ADE1-F45467475B99}
	EndProjectSection
EndProject
Project("{8BC9CEB8-8B4A-11D0-8D11-00A0C91BC942}") = "sip-0x-library", "_prj\sip-0x-library.vcxproj", "{953272E9-FA48-47E4-ADE1-F45467475B99}"
EndProject
Project("{8BC9CEB8-8B4A-11D0-8D11-00A0C91BC942}") = "sip-0x-regclient", "_prj\sip-0x-regclient.vcxproj", "{62FC3684-6C06-4B40-BB62-BE0067F73D99}"
EndProject
Project("{8BC9CEB8-8B4A-11D0-8D11-00A0C91BC942}") = "sip-0x-testserver", "_prj\sip-0x-testserver.vcxproj", "{0F7DC61F-44DC-43B9-B86C-45292152C825}"
EndProject
Global
	GlobalSection(SolutionConfigurationPlatforms) = preSolution
		Debug|Any CPU = Debug|Any CPU
		Debug|Mixed Platforms = Debug|Mixed Platforms
		Debug|Win32 = Debug|Win32
		Release|Any CPU = Release|Any CPU
		Release|Mixed Platforms = Release|Mixed Platforms
		Release|Win32 = Release|Win32
	EndGlobalSection
	GlobalSection(ProjectConfigurationPlatforms) = postSolution
		{90F1A38E-1AA7-433A-B7D6-9B4F4AAE8C7E}.Debug|Any CPU.ActiveCfg = Debug|Win32
		{90F1A38E-1AA7-433A-B7D6-9B4F4AAE8C7E}.Debug|Mixed Platforms.ActiveCfg = Debug|Win32
		{90F1A38E-1AA7-433A-B7D6-9B4F4AAE8C7E}.Debug|Mixed Platforms.Build.0 = Debug|Win32
		{90F1A38E-1AA7-433A-B7D6-9B4F4AAE8C7E}.Debug|Win32.ActiveCfg = Debug|Win32
		{90F1A38E-1AA7-433A-B7D6-9B4F4AAE8C7E}.Debug|Win32.Build.0 = Debug|Win32
		{90F1A38E-1AA7-433A-B7D6-9B4F4AAE8C7E}.Release|Any CPU.ActiveCfg = Release|Win32
		{90F1A38E-1AA7-433A-B7D6-9B4F4AAE8C7E}.Release|Mixed Platforms.ActiveCfg = Release|Win32
		{90F1A38E-1AA7-433A-B7D6-9B4F4AAE8C7E}.Release|Mixed Platforms.Build.0 = Release|Win32
		{90F1A38E-1AA7-433A-B7D6-9B4F4AAE8C7E}.Release|Win32.ActiveCfg = Release|Win32
		{90F1A38E-1AA7-433A-B7D6-9B4F4AAE8C7E}.Release|Win32.Build.0 = Release|Win32
		{953272E9-FA48-47E4-ADE1-F45467475B99}.Debug|Any CPU.ActiveCfg = Debug|Win32
		{953272E9-FA48-47E4-ADE1-F45467475B99}.Debug|Mixed Platforms.ActiveCfg = Debug|Win32
		{953272E9-FA48-47E4-ADE1-F45467475B99}.Debug|Mixed Platforms.Build.0 = Debug|Win32
		{953272E9-FA48-47E4-ADE1-F45467475B99}.Debug|Win32.ActiveCfg = Debug|Win32
		{953272E9-FA48-47E4-ADE1-F45467475B99}.Debug|Win32.Build.0 = Debug|Win32
		{953272E9-FA48-47E4-ADE1-F45467475B99}.Release|Any CPU.ActiveCfg = Release|Win32
		{953272E9-FA48-47E4-ADE1-F45467475B99}.Release|Mixed Platforms.ActiveCfg = Release|Win32
		{953272E9-FA48-47E4-ADE1-F45467475B99}.Release|Mixed Platforms.Build.0 = Release|Win32
		{953272E9-FA48-47E4-ADE1-F45467475B99}.Release|Win32.ActiveCfg = Release|Win32
		{953272E9-FA48-47E4-ADE1-F45467475B99}.Release|Win32.Build.0 = Release|Win32
		{62FC3684-6C06-4B40-BB62-BE0067F73D99}.Debug|Any CPU.ActiveCfg = Debug|Win32
		{62FC3684-6C06-4B40-BB62-BE0067F73D99}.Debug|Mixed Platforms.ActiveCfg = Debug|Win32
		{62FC3684-6C06-4B40-BB62-BE0067F73D99}.Debug|Mixed Platforms.Build.0 = Debug|Win32
		{62FC3684-6C06-4B40-BB62-BE0067F73D99}.Debug|Win32.ActiveCfg = Debug|Win32
		{62FC3684-6C06-4B40-BB62-BE0067F73D99}.Debug|Win32.Build.0 = Debug|Win32
		{62FC3684-6C06-4B40-BB62-BE0067F73D99}.Release|Any CPU.ActiveCfg = Release|Win32
		{62FC3684-6C06-4B40-BB62-BE0067F73D99}.Release|Mixed Platforms.ActiveCfg = Release|Win32
		{62FC3684-6C06-4B40-BB62-BE0067F73D99}.Release|Mixed Platforms.Build.0 = Release|Win32
		{62FC3684-6C06-4B40-BB62-BE0067F73D99}.Release|Win32.ActiveCfg = Release|Win32
		{62FC3684-6C06-4B40-BB62-BE0067F73D99}.Release|Win32.Build.0 = Release|Win32
		{0F7DC61F-44DC-43B9-B86C-45292152C825}.Debug|Any CPU.ActiveCfg = Debug|Win32
		{0F7DC61F-44DC-43B9-B86C-45292152C825}.Debug|Mixed Platforms.ActiveCfg = Debug|Win32
		{0F7DC61F-44DC-43B9-B86C-45292152C825}.Debug|Mixed Platforms.Build.0 = Debug|Win32
		{0F7DC61F-44DC-43B9-B86C-45292152C825}.Debug|Win32.ActiveCfg = Debug|Win32
		{0F7DC61F-44DC-43B9-B86C-45292152C825}.Debug|Win32.Build.0 = Debug|Win32
		{0F7DC61F-44DC-43B9-B86C-45292152C825}.Release|Any CPU.ActiveCfg = Release|Win32
		{0F7DC61F-44DC-43B9-B86C-45292152C825}.Release|Mixed Platforms.ActiveCfg = Release|Win32
		{0F7DC61F-44DC-43B9-B86C-45292152C825}.Release|Mixed Platforms.Build.0 = Release|Win32
		{0F7DC61F-44DC-43B9-B86C-45292152C825}.Release|Win32.ActiveCfg = Release|Win32
		{0F7DC61F-44DC-43B9-B86C-45292152C825}.Release|Win32.Build.0 = Release|Win32
	EndGlobalSection
	GlobalSection(SolutionProperties) = preSolution
		HideSolutionNode = FALSE
	EndGlobalSection
EndGlobal
