
Microsoft Visual Studio Solution File, Format Version 12.00
# Visual Studio 2013
VisualStudioVersion = 12.0.30203.2
MinimumVisualStudioVersion = 10.0.40219.1
Project("{8BC9CEB8-8B4A-11D0-8D11-00A0C91BC942}") = "sip-0x-tests", "_prj\sip-0x-tests.vcxproj", "{90F1A38E-1AA7-433A-B7D6-9B4F4AAE8C7E}"
EndProject
Project("{8BC9CEB8-8B4A-11D0-8D11-00A0C91BC942}") = "sip-0x-library", "_prj\sip-0x-library.vcxproj", "{953272E9-FA48-47E4-ADE1-F45467475B99}"
EndProject
Global
	GlobalSection(SolutionConfigurationPlatforms) = preSolution
		Debug|Win32 = Debug|Win32
		Release|Win32 = Release|Win32
	EndGlobalSection
	GlobalSection(ProjectConfigurationPlatforms) = postSolution
		{90F1A38E-1AA7-433A-B7D6-9B4F4AAE8C7E}.Debug|Win32.ActiveCfg = Debug|Win32
		{90F1A38E-1AA7-433A-B7D6-9B4F4AAE8C7E}.Debug|Win32.Build.0 = Debug|Win32
		{90F1A38E-1AA7-433A-B7D6-9B4F4AAE8C7E}.Release|Win32.ActiveCfg = Release|Win32
		{90F1A38E-1AA7-433A-B7D6-9B4F4AAE8C7E}.Release|Win32.Build.0 = Release|Win32
		{953272E9-FA48-47E4-ADE1-F45467475B99}.Debug|Win32.ActiveCfg = Debug|Win32
		{953272E9-FA48-47E4-ADE1-F45467475B99}.Debug|Win32.Build.0 = Debug|Win32
		{953272E9-FA48-47E4-ADE1-F45467475B99}.Release|Win32.ActiveCfg = Release|Win32
		{953272E9-FA48-47E4-ADE1-F45467475B99}.Release|Win32.Build.0 = Release|Win32
	EndGlobalSection
	GlobalSection(SolutionProperties) = preSolution
		HideSolutionNode = FALSE
	EndGlobalSection
EndGlobal
