<?xml version="1.0" encoding="utf-8"?>
<Project ToolsVersion="4.0" xmlns="http://schemas.microsoft.com/developer/msbuild/2003">
  <ItemGroup>
    <Filter Include="protocol">
      <UniqueIdentifier>{1002323c-dccd-44b4-982a-53edd90de373}</UniqueIdentifier>
    </Filter>
    <Filter Include="logic">
      <UniqueIdentifier>{9e080e5a-7da6-4180-aab8-d6eec7101ddd}</UniqueIdentifier>
    </Filter>
    <Filter Include="parser">
      <UniqueIdentifier>{c289780e-ccf6-49e1-a063-3b115506e12f}</UniqueIdentifier>
    </Filter>
    <Filter Include="parser\docs">
      <UniqueIdentifier>{12089cca-26c9-44fb-984e-de5b754adb33}</UniqueIdentifier>
    </Filter>
    <Filter Include="utils">
      <UniqueIdentifier>{0ec58865-95c3-4c34-b783-5ec4889e135f}</UniqueIdentifier>
    </Filter>
    <Filter Include="utils\log">
      <UniqueIdentifier>{a6e7c8ca-deaa-4eea-b485-058038f2cd14}</UniqueIdentifier>
    </Filter>
    <Filter Include="parser\sip">
      <UniqueIdentifier>{8fd20539-e549-4137-b2fe-9ff28eab9d28}</UniqueIdentifier>
    </Filter>
    <Filter Include="parser\common">
      <UniqueIdentifier>{40032e5c-9eaa-44d6-844b-7843cc33e161}</UniqueIdentifier>
    </Filter>
    <Filter Include="parser\base">
      <UniqueIdentifier>{d04c0865-0ecf-4879-91be-642fbdb2e3bf}</UniqueIdentifier>
    </Filter>
  </ItemGroup>
  <ItemGroup>
    <ClInclude Include="..\include\protocol\Request.hpp">
      <Filter>protocol</Filter>
    </ClInclude>
    <ClInclude Include="..\include\protocol\Response.hpp">
      <Filter>protocol</Filter>
    </ClInclude>
    <ClInclude Include="..\include\protocol\Message.hpp">
      <Filter>protocol</Filter>
    </ClInclude>
    <ClInclude Include="..\include\parser\SIPGrammar.hpp">
      <Filter>parser</Filter>
    </ClInclude>
    <ClInclude Include="..\include\parser\base\TokenRegex.hpp">
      <Filter>parser\base</Filter>
    </ClInclude>
    <ClInclude Include="..\include\utils\log\Logger.hpp">
      <Filter>utils\log</Filter>
    </ClInclude>
    <ClInclude Include="..\include\parser\base\Token.hpp">
      <Filter>parser\base</Filter>
    </ClInclude>
    <ClInclude Include="..\include\parser\base\OpAlternative.hpp">
      <Filter>parser\base</Filter>
    </ClInclude>
    <ClInclude Include="..\include\utils\log\LoggerManager.hpp">
      <Filter>utils\log</Filter>
    </ClInclude>
    <ClInclude Include="..\include\parser\Parser.hpp">
      <Filter>parser</Filter>
    </ClInclude>
    <ClInclude Include="..\include\parser\base\TokenAbstract.hpp">
      <Filter>parser\base</Filter>
    </ClInclude>
    <ClInclude Include="..\include\parser\base\OpAbstract.hpp">
      <Filter>parser\base</Filter>
    </ClInclude>
    <ClInclude Include="..\include\parser\base\OpSequence.hpp">
      <Filter>parser\base</Filter>
    </ClInclude>
    <ClInclude Include="..\include\parser\base\OpOccurrence.hpp">
      <Filter>parser\base</Filter>
    </ClInclude>
    <ClInclude Include="..\include\utils\IniFile.hpp">
      <Filter>utils</Filter>
    </ClInclude>
    <ClInclude Include="..\include\parser\common\TokenIPv4.hpp">
      <Filter>parser\common</Filter>
    </ClInclude>
    <ClInclude Include="..\include\parser\base\ReadResult.hpp">
      <Filter>parser\base</Filter>
    </ClInclude>
    <ClInclude Include="..\include\parser\common\TokenIPv6.hpp">
      <Filter>parser\common</Filter>
    </ClInclude>
    <ClInclude Include="..\include\parser\sip\TokenUserInfo.hpp">
      <Filter>parser\sip</Filter>
    </ClInclude>
    <ClInclude Include="..\include\parser\common\RegexConstStrings.hpp">
      <Filter>parser\common</Filter>
    </ClInclude>
  </ItemGroup>
  <ItemGroup>
    <ClCompile Include="..\src\lib\LoggerManager.cpp">
      <Filter>utils\log</Filter>
    </ClCompile>
  </ItemGroup>
  <ItemGroup>
    <Text Include="..\docs\SIP_ABNF.txt">
      <Filter>parser\docs</Filter>
    </Text>
  </ItemGroup>
</Project>