<?xml version="1.0" encoding="utf-8"?>
<Project ToolsVersion="4.0" xmlns="http://schemas.microsoft.com/developer/msbuild/2003">
  <ItemGroup>
    <Filter Include="docs">
      <UniqueIdentifier>{12089cca-26c9-44fb-984e-de5b754adb33}</UniqueIdentifier>
    </Filter>
    <Filter Include="logic">
      <UniqueIdentifier>{72020770-e033-44cc-bac2-686a8d2c7282}</UniqueIdentifier>
    </Filter>
    <Filter Include="parser">
      <UniqueIdentifier>{b091ddab-e618-40cf-9a65-eb1520f24ba2}</UniqueIdentifier>
    </Filter>
    <Filter Include="protocol">
      <UniqueIdentifier>{79495fab-e4af-4b6a-b090-9ecac9427a4e}</UniqueIdentifier>
    </Filter>
    <Filter Include="utils">
      <UniqueIdentifier>{a7db1a00-131c-400b-8600-0731f230ba83}</UniqueIdentifier>
    </Filter>
    <Filter Include="parser\messageheaders">
      <UniqueIdentifier>{3c69b886-76bd-42df-96b1-a2d0c2e77945}</UniqueIdentifier>
    </Filter>
  </ItemGroup>
  <ItemGroup>
    <Text Include="..\docs\SIP_ABNF.txt">
      <Filter>docs</Filter>
    </Text>
  </ItemGroup>
  <ItemGroup>
    <None Include="..\LICENSE">
      <Filter>docs</Filter>
    </None>
    <None Include="..\README.md">
      <Filter>docs</Filter>
    </None>
    <None Include="..\docs\CodeStyle.md">
      <Filter>docs</Filter>
    </None>
    <None Include="..\docs\ProjectDesign.md">
      <Filter>docs</Filter>
    </None>
  </ItemGroup>
  <ItemGroup>
    <ClInclude Include="..\src\sip-0x\logic\ApplicationDelegate.hpp">
      <Filter>logic</Filter>
    </ClInclude>
    <ClInclude Include="..\src\sip-0x\logic\ApplicationListener.hpp">
      <Filter>logic</Filter>
    </ClInclude>
    <ClInclude Include="..\src\sip-0x\logic\asio_header.hpp">
      <Filter>logic</Filter>
    </ClInclude>
    <ClInclude Include="..\src\sip-0x\logic\Connection.hpp">
      <Filter>logic</Filter>
    </ClInclude>
    <ClInclude Include="..\src\sip-0x\logic\ConnectionManager.hpp">
      <Filter>logic</Filter>
    </ClInclude>
    <ClInclude Include="..\src\sip-0x\logic\Dialog.hpp">
      <Filter>logic</Filter>
    </ClInclude>
    <ClInclude Include="..\src\sip-0x\logic\Endpoint.hpp">
      <Filter>logic</Filter>
    </ClInclude>
    <ClInclude Include="..\src\sip-0x\logic\MessageFactory.hpp">
      <Filter>logic</Filter>
    </ClInclude>
    <ClInclude Include="..\src\sip-0x\logic\RegisterClient.hpp">
      <Filter>logic</Filter>
    </ClInclude>
    <ClInclude Include="..\src\sip-0x\logic\Registrar.hpp">
      <Filter>logic</Filter>
    </ClInclude>
    <ClInclude Include="..\src\sip-0x\logic\Transaction.hpp">
      <Filter>logic</Filter>
    </ClInclude>
    <ClInclude Include="..\src\sip-0x\logic\TransactionLayer.hpp">
      <Filter>logic</Filter>
    </ClInclude>
    <ClInclude Include="..\src\sip-0x\logic\TransportLayer.hpp">
      <Filter>logic</Filter>
    </ClInclude>
    <ClInclude Include="..\src\sip-0x\logic\TransportListener.hpp">
      <Filter>logic</Filter>
    </ClInclude>
    <ClInclude Include="..\src\sip-0x\logic\UA.hpp">
      <Filter>logic</Filter>
    </ClInclude>
    <ClInclude Include="..\src\sip-0x\logic\UAC.hpp">
      <Filter>logic</Filter>
    </ClInclude>
    <ClInclude Include="..\src\sip-0x\logic\UAS.hpp">
      <Filter>logic</Filter>
    </ClInclude>
    <ClInclude Include="..\src\sip-0x\protocol\HostPort.hpp">
      <Filter>protocol</Filter>
    </ClInclude>
    <ClInclude Include="..\src\sip-0x\protocol\NameAddr.hpp">
      <Filter>protocol</Filter>
    </ClInclude>
    <ClInclude Include="..\src\sip-0x\protocol\SIP.hpp">
      <Filter>protocol</Filter>
    </ClInclude>
    <ClInclude Include="..\src\sip-0x\protocol\SIPMessage.hpp">
      <Filter>protocol</Filter>
    </ClInclude>
    <ClInclude Include="..\src\sip-0x\protocol\SIPMessageHeader.hpp">
      <Filter>protocol</Filter>
    </ClInclude>
    <ClInclude Include="..\src\sip-0x\protocol\SIPMethod.hpp">
      <Filter>protocol</Filter>
    </ClInclude>
    <ClInclude Include="..\src\sip-0x\protocol\SIPRequest.hpp">
      <Filter>protocol</Filter>
    </ClInclude>
    <ClInclude Include="..\src\sip-0x\protocol\SIPResponse.hpp">
      <Filter>protocol</Filter>
    </ClInclude>
    <ClInclude Include="..\src\sip-0x\protocol\SIPURI.hpp">
      <Filter>protocol</Filter>
    </ClInclude>
    <ClInclude Include="..\src\sip-0x\protocol\SIPVersion.hpp">
      <Filter>protocol</Filter>
    </ClInclude>
    <ClInclude Include="..\src\sip-0x\utils\IniFile.hpp">
      <Filter>utils</Filter>
    </ClInclude>
    <ClInclude Include="..\src\sip-0x\utils\InputTokenStream.hpp">
      <Filter>utils</Filter>
    </ClInclude>
    <ClInclude Include="..\src\sip-0x\utils\Listeners.hpp">
      <Filter>utils</Filter>
    </ClInclude>
    <ClInclude Include="..\src\sip-0x\utils\Logger.hpp">
      <Filter>utils</Filter>
    </ClInclude>
    <ClInclude Include="..\src\sip-0x\parser\Alternative.hpp">
      <Filter>parser</Filter>
    </ClInclude>
    <ClInclude Include="..\src\sip-0x\parser\Factory.hpp">
      <Filter>parser</Filter>
    </ClInclude>
    <ClInclude Include="..\src\sip-0x\parser\FactoryContext.hpp">
      <Filter>parser</Filter>
    </ClInclude>
    <ClInclude Include="..\src\sip-0x\parser\FactoryContextNameAddr.hpp">
      <Filter>parser</Filter>
    </ClInclude>
    <ClInclude Include="..\src\sip-0x\parser\FactoryContextSIPMessage.hpp">
      <Filter>parser</Filter>
    </ClInclude>
    <ClInclude Include="..\src\sip-0x\parser\FactoryContextSIPMessageHeader.hpp">
      <Filter>parser</Filter>
    </ClInclude>
    <ClInclude Include="..\src\sip-0x\parser\FactoryContextSIPURI.hpp">
      <Filter>parser</Filter>
    </ClInclude>
    <ClInclude Include="..\src\sip-0x\parser\FactoryContextSIPVersion.hpp">
      <Filter>parser</Filter>
    </ClInclude>
    <ClInclude Include="..\src\sip-0x\parser\FactoryContextValue.hpp">
      <Filter>parser</Filter>
    </ClInclude>
    <ClInclude Include="..\src\sip-0x\parser\Occurrence.hpp">
      <Filter>parser</Filter>
    </ClInclude>
    <ClInclude Include="..\src\sip-0x\parser\Operators.hpp">
      <Filter>parser</Filter>
    </ClInclude>
    <ClInclude Include="..\src\sip-0x\parser\Parser.hpp">
      <Filter>parser</Filter>
    </ClInclude>
    <ClInclude Include="..\src\sip-0x\parser\ReadResult.hpp">
      <Filter>parser</Filter>
    </ClInclude>
    <ClInclude Include="..\src\sip-0x\parser\RegexConstStrings.hpp">
      <Filter>parser</Filter>
    </ClInclude>
    <ClInclude Include="..\src\sip-0x\parser\Sequence.hpp">
      <Filter>parser</Filter>
    </ClInclude>
    <ClInclude Include="..\src\sip-0x\parser\SIPParser.hpp">
      <Filter>parser</Filter>
    </ClInclude>
    <ClInclude Include="..\src\sip-0x\parser\Token.hpp">
      <Filter>parser</Filter>
    </ClInclude>
    <ClInclude Include="..\src\sip-0x\parser\TokenAbsoluteURI.hpp">
      <Filter>parser</Filter>
    </ClInclude>
    <ClInclude Include="..\src\sip-0x\parser\TokenAbstract.hpp">
      <Filter>parser</Filter>
    </ClInclude>
    <ClInclude Include="..\src\sip-0x\parser\TokenContainer.hpp">
      <Filter>parser</Filter>
    </ClInclude>
    <ClInclude Include="..\src\sip-0x\parser\TokenGenericParam.hpp">
      <Filter>parser</Filter>
    </ClInclude>
    <ClInclude Include="..\src\sip-0x\parser\TokenHostport.hpp">
      <Filter>parser</Filter>
    </ClInclude>
    <ClInclude Include="..\src\sip-0x\parser\TokenIPv4.hpp">
      <Filter>parser</Filter>
    </ClInclude>
    <ClInclude Include="..\src\sip-0x\parser\TokenIPv6.hpp">
      <Filter>parser</Filter>
    </ClInclude>
    <ClInclude Include="..\src\sip-0x\parser\TokenMType.hpp">
      <Filter>parser</Filter>
    </ClInclude>
    <ClInclude Include="..\src\sip-0x\parser\TokenNameAddr.hpp">
      <Filter>parser</Filter>
    </ClInclude>
    <ClInclude Include="..\src\sip-0x\parser\TokenOctects.hpp">
      <Filter>parser</Filter>
    </ClInclude>
    <ClInclude Include="..\src\sip-0x\parser\TokenPresets.hpp">
      <Filter>parser</Filter>
    </ClInclude>
    <ClInclude Include="..\src\sip-0x\parser\TokenQuotedPair.hpp">
      <Filter>parser</Filter>
    </ClInclude>
    <ClInclude Include="..\src\sip-0x\parser\TokenQuotedString.hpp">
      <Filter>parser</Filter>
    </ClInclude>
    <ClInclude Include="..\src\sip-0x\parser\TokenRegex.hpp">
      <Filter>parser</Filter>
    </ClInclude>
    <ClInclude Include="..\src\sip-0x\parser\TokenSIPMessage.hpp">
      <Filter>parser</Filter>
    </ClInclude>
    <ClInclude Include="..\src\sip-0x\parser\TokenSIPMessageHeader.hpp">
      <Filter>parser</Filter>
    </ClInclude>
    <ClInclude Include="..\src\sip-0x\parser\TokenSIPMethod.hpp">
      <Filter>parser</Filter>
    </ClInclude>
    <ClInclude Include="..\src\sip-0x\parser\TokenSIPRequestLine.hpp">
      <Filter>parser</Filter>
    </ClInclude>
    <ClInclude Include="..\src\sip-0x\parser\TokenSIPStatusLine.hpp">
      <Filter>parser</Filter>
    </ClInclude>
    <ClInclude Include="..\src\sip-0x\parser\TokenSIPURI.hpp">
      <Filter>parser</Filter>
    </ClInclude>
    <ClInclude Include="..\src\sip-0x\parser\TokenSIPVersion.hpp">
      <Filter>parser</Filter>
    </ClInclude>
    <ClInclude Include="..\src\sip-0x\parser\TokenURIHeaders.hpp">
      <Filter>parser</Filter>
    </ClInclude>
    <ClInclude Include="..\src\sip-0x\parser\TokenURIParameter.hpp">
      <Filter>parser</Filter>
    </ClInclude>
    <ClInclude Include="..\src\sip-0x\parser\TokenUserInfo.hpp">
      <Filter>parser</Filter>
    </ClInclude>
    <ClInclude Include="..\src\sip-0x\parser\messageheaders\TokenSIPMessageHeader_Accept.hpp">
      <Filter>parser\messageheaders</Filter>
    </ClInclude>
    <ClInclude Include="..\src\sip-0x\parser\messageheaders\TokenSIPMessageHeader_Accept_Encoding.hpp">
      <Filter>parser\messageheaders</Filter>
    </ClInclude>
    <ClInclude Include="..\src\sip-0x\parser\messageheaders\TokenSIPMessageHeader_Accept_Language.hpp">
      <Filter>parser\messageheaders</Filter>
    </ClInclude>
    <ClInclude Include="..\src\sip-0x\parser\messageheaders\TokenSIPMessageHeader_Alert_Info.hpp">
      <Filter>parser\messageheaders</Filter>
    </ClInclude>
    <ClInclude Include="..\src\sip-0x\parser\messageheaders\TokenSIPMessageHeader_Allow.hpp">
      <Filter>parser\messageheaders</Filter>
    </ClInclude>
    <ClInclude Include="..\src\sip-0x\parser\messageheaders\TokenSIPMessageHeader_Authentication_Info.hpp">
      <Filter>parser\messageheaders</Filter>
    </ClInclude>
    <ClInclude Include="..\src\sip-0x\parser\messageheaders\TokenSIPMessageHeader_Authorization.hpp">
      <Filter>parser\messageheaders</Filter>
    </ClInclude>
    <ClInclude Include="..\src\sip-0x\parser\messageheaders\TokenSIPMessageHeader_base.hpp">
      <Filter>parser\messageheaders</Filter>
    </ClInclude>
    <ClInclude Include="..\src\sip-0x\parser\messageheaders\TokenSIPMessageHeader_Call_ID.hpp">
      <Filter>parser\messageheaders</Filter>
    </ClInclude>
    <ClInclude Include="..\src\sip-0x\parser\messageheaders\TokenSIPMessageHeader_Call_Info.hpp">
      <Filter>parser\messageheaders</Filter>
    </ClInclude>
    <ClInclude Include="..\src\sip-0x\parser\messageheaders\TokenSIPMessageHeader_Contact.hpp">
      <Filter>parser\messageheaders</Filter>
    </ClInclude>
    <ClInclude Include="..\src\sip-0x\parser\messageheaders\TokenSIPMessageHeader_Content_Disposition.hpp">
      <Filter>parser\messageheaders</Filter>
    </ClInclude>
    <ClInclude Include="..\src\sip-0x\parser\messageheaders\TokenSIPMessageHeader_Content_Encoding.hpp">
      <Filter>parser\messageheaders</Filter>
    </ClInclude>
    <ClInclude Include="..\src\sip-0x\parser\messageheaders\TokenSIPMessageHeader_Content_Language.hpp">
      <Filter>parser\messageheaders</Filter>
    </ClInclude>
    <ClInclude Include="..\src\sip-0x\parser\messageheaders\TokenSIPMessageHeader_Content_Length.hpp">
      <Filter>parser\messageheaders</Filter>
    </ClInclude>
    <ClInclude Include="..\src\sip-0x\parser\messageheaders\TokenSIPMessageHeader_Content_Type.hpp">
      <Filter>parser\messageheaders</Filter>
    </ClInclude>
    <ClInclude Include="..\src\sip-0x\parser\messageheaders\TokenSIPMessageHeader_CSeq.hpp">
      <Filter>parser\messageheaders</Filter>
    </ClInclude>
    <ClInclude Include="..\src\sip-0x\parser\messageheaders\TokenSIPMessageHeader_Date.hpp">
      <Filter>parser\messageheaders</Filter>
    </ClInclude>
    <ClInclude Include="..\src\sip-0x\parser\messageheaders\TokenSIPMessageHeader_Error_Info.hpp">
      <Filter>parser\messageheaders</Filter>
    </ClInclude>
    <ClInclude Include="..\src\sip-0x\parser\messageheaders\TokenSIPMessageHeader_Expires.hpp">
      <Filter>parser\messageheaders</Filter>
    </ClInclude>
    <ClInclude Include="..\src\sip-0x\parser\messageheaders\TokenSIPMessageHeader_extension_header.hpp">
      <Filter>parser\messageheaders</Filter>
    </ClInclude>
    <ClInclude Include="..\src\sip-0x\parser\messageheaders\TokenSIPMessageHeader_From.hpp">
      <Filter>parser\messageheaders</Filter>
    </ClInclude>
    <ClInclude Include="..\src\sip-0x\parser\messageheaders\TokenSIPMessageHeader_In_Reply_To.hpp">
      <Filter>parser\messageheaders</Filter>
    </ClInclude>
    <ClInclude Include="..\src\sip-0x\parser\messageheaders\TokenSIPMessageHeader_Max_Forwards.hpp">
      <Filter>parser\messageheaders</Filter>
    </ClInclude>
    <ClInclude Include="..\src\sip-0x\parser\messageheaders\TokenSIPMessageHeader_MIME_Version.hpp">
      <Filter>parser\messageheaders</Filter>
    </ClInclude>
    <ClInclude Include="..\src\sip-0x\parser\messageheaders\TokenSIPMessageHeader_Min_Expires.hpp">
      <Filter>parser\messageheaders</Filter>
    </ClInclude>
    <ClInclude Include="..\src\sip-0x\parser\messageheaders\TokenSIPMessageHeader_Organization.hpp">
      <Filter>parser\messageheaders</Filter>
    </ClInclude>
    <ClInclude Include="..\src\sip-0x\parser\messageheaders\TokenSIPMessageHeader_Priority.hpp">
      <Filter>parser\messageheaders</Filter>
    </ClInclude>
    <ClInclude Include="..\src\sip-0x\parser\messageheaders\TokenSIPMessageHeader_Proxy_Authenticate.hpp">
      <Filter>parser\messageheaders</Filter>
    </ClInclude>
    <ClInclude Include="..\src\sip-0x\parser\messageheaders\TokenSIPMessageHeader_Proxy_Authorization.hpp">
      <Filter>parser\messageheaders</Filter>
    </ClInclude>
    <ClInclude Include="..\src\sip-0x\parser\messageheaders\TokenSIPMessageHeader_Proxy_Require.hpp">
      <Filter>parser\messageheaders</Filter>
    </ClInclude>
    <ClInclude Include="..\src\sip-0x\parser\messageheaders\TokenSIPMessageHeader_Record_Route.hpp">
      <Filter>parser\messageheaders</Filter>
    </ClInclude>
    <ClInclude Include="..\src\sip-0x\parser\messageheaders\TokenSIPMessageHeader_Reply_To.hpp">
      <Filter>parser\messageheaders</Filter>
    </ClInclude>
    <ClInclude Include="..\src\sip-0x\parser\messageheaders\TokenSIPMessageHeader_Require.hpp">
      <Filter>parser\messageheaders</Filter>
    </ClInclude>
    <ClInclude Include="..\src\sip-0x\parser\messageheaders\TokenSIPMessageHeader_Retry_After.hpp">
      <Filter>parser\messageheaders</Filter>
    </ClInclude>
    <ClInclude Include="..\src\sip-0x\parser\messageheaders\TokenSIPMessageHeader_Route.hpp">
      <Filter>parser\messageheaders</Filter>
    </ClInclude>
    <ClInclude Include="..\src\sip-0x\parser\messageheaders\TokenSIPMessageHeader_Server.hpp">
      <Filter>parser\messageheaders</Filter>
    </ClInclude>
    <ClInclude Include="..\src\sip-0x\parser\messageheaders\TokenSIPMessageHeader_Subject.hpp">
      <Filter>parser\messageheaders</Filter>
    </ClInclude>
    <ClInclude Include="..\src\sip-0x\parser\messageheaders\TokenSIPMessageHeader_Supported.hpp">
      <Filter>parser\messageheaders</Filter>
    </ClInclude>
    <ClInclude Include="..\src\sip-0x\parser\messageheaders\TokenSIPMessageHeader_Timestamp.hpp">
      <Filter>parser\messageheaders</Filter>
    </ClInclude>
    <ClInclude Include="..\src\sip-0x\parser\messageheaders\TokenSIPMessageHeader_To.hpp">
      <Filter>parser\messageheaders</Filter>
    </ClInclude>
    <ClInclude Include="..\src\sip-0x\parser\messageheaders\TokenSIPMessageHeader_Unsupported.hpp">
      <Filter>parser\messageheaders</Filter>
    </ClInclude>
    <ClInclude Include="..\src\sip-0x\parser\messageheaders\TokenSIPMessageHeader_User_Agent.hpp">
      <Filter>parser\messageheaders</Filter>
    </ClInclude>
    <ClInclude Include="..\src\sip-0x\parser\messageheaders\TokenSIPMessageHeader_Via.hpp">
      <Filter>parser\messageheaders</Filter>
    </ClInclude>
    <ClInclude Include="..\src\sip-0x\parser\messageheaders\TokenSIPMessageHeader_Warning.hpp">
      <Filter>parser\messageheaders</Filter>
    </ClInclude>
    <ClInclude Include="..\src\sip-0x\parser\messageheaders\TokenSIPMessageHeader_WWW_Authenticate.hpp">
      <Filter>parser\messageheaders</Filter>
    </ClInclude>
    <ClInclude Include="..\src\sip-0x\sip-0x.hpp" />
    <ClInclude Include="..\src\sip-0x\utils\LoggerFactory.hpp">
      <Filter>utils</Filter>
    </ClInclude>
  </ItemGroup>
  <ItemGroup>
    <ClCompile Include="..\src\sip-0x\parser\RegexConstStrings.cpp">
      <Filter>parser</Filter>
    </ClCompile>
    <ClCompile Include="..\src\sip-0x\utils\LoggerFactory.cpp">
      <Filter>utils</Filter>
    </ClCompile>
    <ClCompile Include="..\src\sip-0x\utils\Logger.cpp">
      <Filter>utils</Filter>
    </ClCompile>
  </ItemGroup>
</Project>